
Microsoft Visual Studio Solution File, Format Version 12.00
# Visual Studio Version 17
VisualStudioVersion = 17.4.33103.184
MinimumVisualStudioVersion = 10.0.40219.1
Project("{FAE04EC0-301F-11D3-BF4B-00C04F79EFBC}") = "GitGonzalezAndrew", "GitGonzalezAndrew\GitGonzalezAndrew.csproj", "{2B153F0F-1F5C-49C9-86A1-25ECD70090B9}"
EndProject
Global
	GlobalSection(SolutionConfigurationPlatforms) = preSolution
		Debug|Any CPU = Debug|Any CPU
		Release|Any CPU = Release|Any CPU
	EndGlobalSection
	GlobalSection(ProjectConfigurationPlatforms) = postSolution
		{2B153F0F-1F5C-49C9-86A1-25ECD70090B9}.Debug|Any CPU.ActiveCfg = Debug|Any CPU
		{2B153F0F-1F5C-49C9-86A1-25ECD70090B9}.Debug|Any CPU.Build.0 = Debug|Any CPU
		{2B153F0F-1F5C-49C9-86A1-25ECD70090B9}.Release|Any CPU.ActiveCfg = Release|Any CPU
		{2B153F0F-1F5C-49C9-86A1-25ECD70090B9}.Release|Any CPU.Build.0 = Release|Any CPU
	EndGlobalSection
	GlobalSection(SolutionProperties) = preSolution
		HideSolutionNode = FALSE
	EndGlobalSection
	GlobalSection(ExtensibilityGlobals) = postSolution
		SolutionGuid = {8F849A54-F744-4474-B243-73C9205107E2}
	EndGlobalSection
EndGlobal
